// !$*UTF8*$!
{
	archiveVersion = 1;
	classes = {
	};
	objectVersion = 48;
	objects = {

/* Begin PBXBuildFile section */
		D6727E781FCD246600C010CC /* AppDelegate.swift in Sources */ = {isa = PBXBuildFile; fileRef = D6727E771FCD246600C010CC /* AppDelegate.swift */; };
		D6727E7A1FCD246600C010CC /* art.scnassets in Resources */ = {isa = PBXBuildFile; fileRef = D6727E791FCD246600C010CC /* art.scnassets */; };
		D6727E811FCD246600C010CC /* Assets.xcassets in Resources */ = {isa = PBXBuildFile; fileRef = D6727E801FCD246600C010CC /* Assets.xcassets */; };
		D6727E841FCD246600C010CC /* LaunchScreen.storyboard in Resources */ = {isa = PBXBuildFile; fileRef = D6727E821FCD246600C010CC /* LaunchScreen.storyboard */; };
		D6727E8F1FCD246600C010CC /* ARBashTests.swift in Sources */ = {isa = PBXBuildFile; fileRef = D6727E8E1FCD246600C010CC /* ARBashTests.swift */; };
		D6727E9A1FCD246600C010CC /* ARBashUITests.swift in Sources */ = {isa = PBXBuildFile; fileRef = D6727E991FCD246600C010CC /* ARBashUITests.swift */; };
		D6B454E91FD24DF500284E9F /* Main.storyboard in Resources */ = {isa = PBXBuildFile; fileRef = D6B454E81FD24DF500284E9F /* Main.storyboard */; };
		D6B454EB1FD24E0500284E9F /* Assets.scnassets in Resources */ = {isa = PBXBuildFile; fileRef = D6B454EA1FD24E0500284E9F /* Assets.scnassets */; };
		D6B454EE1FD24E0E00284E9F /* Plane.swift in Sources */ = {isa = PBXBuildFile; fileRef = D6B454EC1FD24E0E00284E9F /* Plane.swift */; };
		D6B454EF1FD24E0E00284E9F /* Cube.swift in Sources */ = {isa = PBXBuildFile; fileRef = D6B454ED1FD24E0E00284E9F /* Cube.swift */; };
		D6B454F11FD24F5800284E9F /* ViewController.swift in Sources */ = {isa = PBXBuildFile; fileRef = D6B454F01FD24F5800284E9F /* ViewController.swift */; };
/* End PBXBuildFile section */

/* Begin PBXContainerItemProxy section */
		D6727E8B1FCD246600C010CC /* PBXContainerItemProxy */ = {
			isa = PBXContainerItemProxy;
			containerPortal = D6727E6C1FCD246500C010CC /* Project object */;
			proxyType = 1;
			remoteGlobalIDString = D6727E731FCD246600C010CC;
			remoteInfo = ARBash;
		};
		D6727E961FCD246600C010CC /* PBXContainerItemProxy */ = {
			isa = PBXContainerItemProxy;
			containerPortal = D6727E6C1FCD246500C010CC /* Project object */;
			proxyType = 1;
			remoteGlobalIDString = D6727E731FCD246600C010CC;
			remoteInfo = ARBash;
		};
/* End PBXContainerItemProxy section */

/* Begin PBXFileReference section */
		D6727E741FCD246600C010CC /* ARBash.app */ = {isa = PBXFileReference; explicitFileType = wrapper.application; includeInIndex = 0; path = ARBash.app; sourceTree = BUILT_PRODUCTS_DIR; };
		D6727E771FCD246600C010CC /* AppDelegate.swift */ = {isa = PBXFileReference; lastKnownFileType = sourcecode.swift; path = AppDelegate.swift; sourceTree = "<group>"; };
		D6727E791FCD246600C010CC /* art.scnassets */ = {isa = PBXFileReference; lastKnownFileType = wrapper.scnassets; path = art.scnassets; sourceTree = "<group>"; };
		D6727E801FCD246600C010CC /* Assets.xcassets */ = {isa = PBXFileReference; lastKnownFileType = folder.assetcatalog; path = Assets.xcassets; sourceTree = "<group>"; };
		D6727E831FCD246600C010CC /* Base */ = {isa = PBXFileReference; lastKnownFileType = file.storyboard; name = Base; path = Base.lproj/LaunchScreen.storyboard; sourceTree = "<group>"; };
		D6727E851FCD246600C010CC /* Info.plist */ = {isa = PBXFileReference; lastKnownFileType = text.plist.xml; path = Info.plist; sourceTree = "<group>"; };
		D6727E8A1FCD246600C010CC /* ARBashTests.xctest */ = {isa = PBXFileReference; explicitFileType = wrapper.cfbundle; includeInIndex = 0; path = ARBashTests.xctest; sourceTree = BUILT_PRODUCTS_DIR; };
		D6727E8E1FCD246600C010CC /* ARBashTests.swift */ = {isa = PBXFileReference; lastKnownFileType = sourcecode.swift; path = ARBashTests.swift; sourceTree = "<group>"; };
		D6727E901FCD246600C010CC /* Info.plist */ = {isa = PBXFileReference; lastKnownFileType = text.plist.xml; path = Info.plist; sourceTree = "<group>"; };
		D6727E951FCD246600C010CC /* ARBashUITests.xctest */ = {isa = PBXFileReference; explicitFileType = wrapper.cfbundle; includeInIndex = 0; path = ARBashUITests.xctest; sourceTree = BUILT_PRODUCTS_DIR; };
		D6727E991FCD246600C010CC /* ARBashUITests.swift */ = {isa = PBXFileReference; lastKnownFileType = sourcecode.swift; path = ARBashUITests.swift; sourceTree = "<group>"; };
		D6727E9B1FCD246600C010CC /* Info.plist */ = {isa = PBXFileReference; lastKnownFileType = text.plist.xml; path = Info.plist; sourceTree = "<group>"; };
		D6B454E81FD24DF500284E9F /* Main.storyboard */ = {isa = PBXFileReference; fileEncoding = 4; lastKnownFileType = file.storyboard; path = Main.storyboard; sourceTree = "<group>"; };
		D6B454EA1FD24E0500284E9F /* Assets.scnassets */ = {isa = PBXFileReference; lastKnownFileType = wrapper.scnassets; path = Assets.scnassets; sourceTree = "<group>"; };
		D6B454EC1FD24E0E00284E9F /* Plane.swift */ = {isa = PBXFileReference; fileEncoding = 4; lastKnownFileType = sourcecode.swift; name = Plane.swift; path = ../../../ARJazz/ARJazz/Plane.swift; sourceTree = "<group>"; };
		D6B454ED1FD24E0E00284E9F /* Cube.swift */ = {isa = PBXFileReference; fileEncoding = 4; lastKnownFileType = sourcecode.swift; name = Cube.swift; path = ../../../ARJazz/ARJazz/Cube.swift; sourceTree = "<group>"; };
		D6B454F01FD24F5800284E9F /* ViewController.swift */ = {isa = PBXFileReference; fileEncoding = 4; lastKnownFileType = sourcecode.swift; path = ViewController.swift; sourceTree = "<group>"; };
/* End PBXFileReference section */

/* Begin PBXFrameworksBuildPhase section */
		D6727E711FCD246600C010CC /* Frameworks */ = {
			isa = PBXFrameworksBuildPhase;
			buildActionMask = 2147483647;
			files = (
			);
			runOnlyForDeploymentPostprocessing = 0;
		};
		D6727E871FCD246600C010CC /* Frameworks */ = {
			isa = PBXFrameworksBuildPhase;
			buildActionMask = 2147483647;
			files = (
			);
			runOnlyForDeploymentPostprocessing = 0;
		};
		D6727E921FCD246600C010CC /* Frameworks */ = {
			isa = PBXFrameworksBuildPhase;
			buildActionMask = 2147483647;
			files = (
			);
			runOnlyForDeploymentPostprocessing = 0;
		};
/* End PBXFrameworksBuildPhase section */

/* Begin PBXGroup section */
		D6727E6B1FCD246500C010CC = {
			isa = PBXGroup;
			children = (
				D6727E761FCD246600C010CC /* ARBash */,
				D6727E8D1FCD246600C010CC /* ARBashTests */,
				D6727E981FCD246600C010CC /* ARBashUITests */,
				D6727E751FCD246600C010CC /* Products */,
			);
			sourceTree = "<group>";
		};
		D6727E751FCD246600C010CC /* Products */ = {
			isa = PBXGroup;
			children = (
				D6727E741FCD246600C010CC /* ARBash.app */,
				D6727E8A1FCD246600C010CC /* ARBashTests.xctest */,
				D6727E951FCD246600C010CC /* ARBashUITests.xctest */,
			);
			name = Products;
			sourceTree = "<group>";
		};
		D6727E761FCD246600C010CC /* ARBash */ = {
			isa = PBXGroup;
			children = (
				D6B454F01FD24F5800284E9F /* ViewController.swift */,
				D6B454ED1FD24E0E00284E9F /* Cube.swift */,
				D6B454EC1FD24E0E00284E9F /* Plane.swift */,
				D6B454EA1FD24E0500284E9F /* Assets.scnassets */,
				D6727E771FCD246600C010CC /* AppDelegate.swift */,
				D6B454E81FD24DF500284E9F /* Main.storyboard */,
				D6727E791FCD246600C010CC /* art.scnassets */,
				D6727E801FCD246600C010CC /* Assets.xcassets */,
				D6727E821FCD246600C010CC /* LaunchScreen.storyboard */,
				D6727E851FCD246600C010CC /* Info.plist */,
			);
			path = ARBash;
			sourceTree = "<group>";
		};
		D6727E8D1FCD246600C010CC /* ARBashTests */ = {
			isa = PBXGroup;
			children = (
				D6727E8E1FCD246600C010CC /* ARBashTests.swift */,
				D6727E901FCD246600C010CC /* Info.plist */,
			);
			path = ARBashTests;
			sourceTree = "<group>";
		};
		D6727E981FCD246600C010CC /* ARBashUITests */ = {
			isa = PBXGroup;
			children = (
				D6727E991FCD246600C010CC /* ARBashUITests.swift */,
				D6727E9B1FCD246600C010CC /* Info.plist */,
			);
			path = ARBashUITests;
			sourceTree = "<group>";
		};
/* End PBXGroup section */

/* Begin PBXNativeTarget section */
		D6727E731FCD246600C010CC /* ARBash */ = {
			isa = PBXNativeTarget;
			buildConfigurationList = D6727E9E1FCD246600C010CC /* Build configuration list for PBXNativeTarget "ARBash" */;
			buildPhases = (
				D6727E701FCD246600C010CC /* Sources */,
				D6727E711FCD246600C010CC /* Frameworks */,
				D6727E721FCD246600C010CC /* Resources */,
			);
			buildRules = (
			);
			dependencies = (
			);
			name = ARBash;
			productName = ARBash;
			productReference = D6727E741FCD246600C010CC /* ARBash.app */;
			productType = "com.apple.product-type.application";
		};
		D6727E891FCD246600C010CC /* ARBashTests */ = {
			isa = PBXNativeTarget;
			buildConfigurationList = D6727EA11FCD246600C010CC /* Build configuration list for PBXNativeTarget "ARBashTests" */;
			buildPhases = (
				D6727E861FCD246600C010CC /* Sources */,
				D6727E871FCD246600C010CC /* Frameworks */,
				D6727E881FCD246600C010CC /* Resources */,
			);
			buildRules = (
			);
			dependencies = (
				D6727E8C1FCD246600C010CC /* PBXTargetDependency */,
			);
			name = ARBashTests;
			productName = ARBashTests;
			productReference = D6727E8A1FCD246600C010CC /* ARBashTests.xctest */;
			productType = "com.apple.product-type.bundle.unit-test";
		};
		D6727E941FCD246600C010CC /* ARBashUITests */ = {
			isa = PBXNativeTarget;
			buildConfigurationList = D6727EA41FCD246600C010CC /* Build configuration list for PBXNativeTarget "ARBashUITests" */;
			buildPhases = (
				D6727E911FCD246600C010CC /* Sources */,
				D6727E921FCD246600C010CC /* Frameworks */,
				D6727E931FCD246600C010CC /* Resources */,
			);
			buildRules = (
			);
			dependencies = (
				D6727E971FCD246600C010CC /* PBXTargetDependency */,
			);
			name = ARBashUITests;
			productName = ARBashUITests;
			productReference = D6727E951FCD246600C010CC /* ARBashUITests.xctest */;
			productType = "com.apple.product-type.bundle.ui-testing";
		};
/* End PBXNativeTarget section */

/* Begin PBXProject section */
		D6727E6C1FCD246500C010CC /* Project object */ = {
			isa = PBXProject;
			attributes = {
				LastSwiftUpdateCheck = 0910;
				LastUpgradeCheck = 0910;
				ORGANIZATIONNAME = "Ben Miller";
				TargetAttributes = {
					D6727E731FCD246600C010CC = {
						CreatedOnToolsVersion = 9.1;
						ProvisioningStyle = Automatic;
					};
					D6727E891FCD246600C010CC = {
						CreatedOnToolsVersion = 9.1;
						ProvisioningStyle = Automatic;
						TestTargetID = D6727E731FCD246600C010CC;
					};
					D6727E941FCD246600C010CC = {
						CreatedOnToolsVersion = 9.1;
						ProvisioningStyle = Automatic;
						TestTargetID = D6727E731FCD246600C010CC;
					};
				};
			};
			buildConfigurationList = D6727E6F1FCD246500C010CC /* Build configuration list for PBXProject "ARBash" */;
			compatibilityVersion = "Xcode 8.0";
			developmentRegion = en;
			hasScannedForEncodings = 0;
			knownRegions = (
				en,
				Base,
			);
			mainGroup = D6727E6B1FCD246500C010CC;
			productRefGroup = D6727E751FCD246600C010CC /* Products */;
			projectDirPath = "";
			projectRoot = "";
			targets = (
				D6727E731FCD246600C010CC /* ARBash */,
				D6727E891FCD246600C010CC /* ARBashTests */,
				D6727E941FCD246600C010CC /* ARBashUITests */,
			);
		};
/* End PBXProject section */

/* Begin PBXResourcesBuildPhase section */
		D6727E721FCD246600C010CC /* Resources */ = {
			isa = PBXResourcesBuildPhase;
			buildActionMask = 2147483647;
			files = (
				D6727E7A1FCD246600C010CC /* art.scnassets in Resources */,
				D6B454EB1FD24E0500284E9F /* Assets.scnassets in Resources */,
				D6727E841FCD246600C010CC /* LaunchScreen.storyboard in Resources */,
				D6727E811FCD246600C010CC /* Assets.xcassets in Resources */,
				D6B454E91FD24DF500284E9F /* Main.storyboard in Resources */,
			);
			runOnlyForDeploymentPostprocessing = 0;
		};
		D6727E881FCD246600C010CC /* Resources */ = {
			isa = PBXResourcesBuildPhase;
			buildActionMask = 2147483647;
			files = (
			);
			runOnlyForDeploymentPostprocessing = 0;
		};
		D6727E931FCD246600C010CC /* Resources */ = {
			isa = PBXResourcesBuildPhase;
			buildActionMask = 2147483647;
			files = (
			);
			runOnlyForDeploymentPostprocessing = 0;
		};
/* End PBXResourcesBuildPhase section */

/* Begin PBXSourcesBuildPhase section */
		D6727E701FCD246600C010CC /* Sources */ = {
			isa = PBXSourcesBuildPhase;
			buildActionMask = 2147483647;
			files = (
				D6727E781FCD246600C010CC /* AppDelegate.swift in Sources */,
				D6B454EF1FD24E0E00284E9F /* Cube.swift in Sources */,
				D6B454F11FD24F5800284E9F /* ViewController.swift in Sources */,
				D6B454EE1FD24E0E00284E9F /* Plane.swift in Sources */,
			);
			runOnlyForDeploymentPostprocessing = 0;
		};
		D6727E861FCD246600C010CC /* Sources */ = {
			isa = PBXSourcesBuildPhase;
			buildActionMask = 2147483647;
			files = (
				D6727E8F1FCD246600C010CC /* ARBashTests.swift in Sources */,
			);
			runOnlyForDeploymentPostprocessing = 0;
		};
		D6727E911FCD246600C010CC /* Sources */ = {
			isa = PBXSourcesBuildPhase;
			buildActionMask = 2147483647;
			files = (
				D6727E9A1FCD246600C010CC /* ARBashUITests.swift in Sources */,
			);
			runOnlyForDeploymentPostprocessing = 0;
		};
/* End PBXSourcesBuildPhase section */

/* Begin PBXTargetDependency section */
		D6727E8C1FCD246600C010CC /* PBXTargetDependency */ = {
			isa = PBXTargetDependency;
			target = D6727E731FCD246600C010CC /* ARBash */;
			targetProxy = D6727E8B1FCD246600C010CC /* PBXContainerItemProxy */;
		};
		D6727E971FCD246600C010CC /* PBXTargetDependency */ = {
			isa = PBXTargetDependency;
			target = D6727E731FCD246600C010CC /* ARBash */;
			targetProxy = D6727E961FCD246600C010CC /* PBXContainerItemProxy */;
		};
/* End PBXTargetDependency section */

/* Begin PBXVariantGroup section */
		D6727E821FCD246600C010CC /* LaunchScreen.storyboard */ = {
			isa = PBXVariantGroup;
			children = (
				D6727E831FCD246600C010CC /* Base */,
			);
			name = LaunchScreen.storyboard;
			sourceTree = "<group>";
		};
/* End PBXVariantGroup section */

/* Begin XCBuildConfiguration section */
		D6727E9C1FCD246600C010CC /* Debug */ = {
			isa = XCBuildConfiguration;
			buildSettings = {
				ALWAYS_SEARCH_USER_PATHS = NO;
				CLANG_ANALYZER_NONNULL = YES;
				CLANG_ANALYZER_NUMBER_OBJECT_CONVERSION = YES_AGGRESSIVE;
				CLANG_CXX_LANGUAGE_STANDARD = "gnu++14";
				CLANG_CXX_LIBRARY = "libc++";
				CLANG_ENABLE_MODULES = YES;
				CLANG_ENABLE_OBJC_ARC = YES;
				CLANG_WARN_BLOCK_CAPTURE_AUTORELEASING = YES;
				CLANG_WARN_BOOL_CONVERSION = YES;
				CLANG_WARN_COMMA = YES;
				CLANG_WARN_CONSTANT_CONVERSION = YES;
				CLANG_WARN_DIRECT_OBJC_ISA_USAGE = YES_ERROR;
				CLANG_WARN_DOCUMENTATION_COMMENTS = YES;
				CLANG_WARN_EMPTY_BODY = YES;
				CLANG_WARN_ENUM_CONVERSION = YES;
				CLANG_WARN_INFINITE_RECURSION = YES;
				CLANG_WARN_INT_CONVERSION = YES;
				CLANG_WARN_NON_LITERAL_NULL_CONVERSION = YES;
				CLANG_WARN_OBJC_LITERAL_CONVERSION = YES;
				CLANG_WARN_OBJC_ROOT_CLASS = YES_ERROR;
				CLANG_WARN_RANGE_LOOP_ANALYSIS = YES;
				CLANG_WARN_STRICT_PROTOTYPES = YES;
				CLANG_WARN_SUSPICIOUS_MOVE = YES;
				CLANG_WARN_UNGUARDED_AVAILABILITY = YES_AGGRESSIVE;
				CLANG_WARN_UNREACHABLE_CODE = YES;
				CLANG_WARN__DUPLICATE_METHOD_MATCH = YES;
				CODE_SIGN_IDENTITY = "iPhone Developer";
				COPY_PHASE_STRIP = NO;
				DEBUG_INFORMATION_FORMAT = dwarf;
				ENABLE_STRICT_OBJC_MSGSEND = YES;
				ENABLE_TESTABILITY = YES;
				GCC_C_LANGUAGE_STANDARD = gnu11;
				GCC_DYNAMIC_NO_PIC = NO;
				GCC_NO_COMMON_BLOCKS = YES;
				GCC_OPTIMIZATION_LEVEL = 0;
				GCC_PREPROCESSOR_DEFINITIONS = (
					"DEBUG=1",
					"$(inherited)",
				);
				GCC_WARN_64_TO_32_BIT_CONVERSION = YES;
				GCC_WARN_ABOUT_RETURN_TYPE = YES_ERROR;
				GCC_WARN_UNDECLARED_SELECTOR = YES;
				GCC_WARN_UNINITIALIZED_AUTOS = YES_AGGRESSIVE;
				GCC_WARN_UNUSED_FUNCTION = YES;
				GCC_WARN_UNUSED_VARIABLE = YES;
				IPHONEOS_DEPLOYMENT_TARGET = 11.1;
				MTL_ENABLE_DEBUG_INFO = YES;
				ONLY_ACTIVE_ARCH = YES;
				SDKROOT = iphoneos;
				SWIFT_ACTIVE_COMPILATION_CONDITIONS = DEBUG;
				SWIFT_OPTIMIZATION_LEVEL = "-Onone";
			};
			name = Debug;
		};
		D6727E9D1FCD246600C010CC /* Release */ = {
			isa = XCBuildConfiguration;
			buildSettings = {
				ALWAYS_SEARCH_USER_PATHS = NO;
				CLANG_ANALYZER_NONNULL = YES;
				CLANG_ANALYZER_NUMBER_OBJECT_CONVERSION = YES_AGGRESSIVE;
				CLANG_CXX_LANGUAGE_STANDARD = "gnu++14";
				CLANG_CXX_LIBRARY = "libc++";
				CLANG_ENABLE_MODULES = YES;
				CLANG_ENABLE_OBJC_ARC = YES;
				CLANG_WARN_BLOCK_CAPTURE_AUTORELEASING = YES;
				CLANG_WARN_BOOL_CONVERSION = YES;
				CLANG_WARN_COMMA = YES;
				CLANG_WARN_CONSTANT_CONVERSION = YES;
				CLANG_WARN_DIRECT_OBJC_ISA_USAGE = YES_ERROR;
				CLANG_WARN_DOCUMENTATION_COMMENTS = YES;
				CLANG_WARN_EMPTY_BODY = YES;
				CLANG_WARN_ENUM_CONVERSION = YES;
				CLANG_WARN_INFINITE_RECURSION = YES;
				CLANG_WARN_INT_CONVERSION = YES;
				CLANG_WARN_NON_LITERAL_NULL_CONVERSION = YES;
				CLANG_WARN_OBJC_LITERAL_CONVERSION = YES;
				CLANG_WARN_OBJC_ROOT_CLASS = YES_ERROR;
				CLANG_WARN_RANGE_LOOP_ANALYSIS = YES;
				CLANG_WARN_STRICT_PROTOTYPES = YES;
				CLANG_WARN_SUSPICIOUS_MOVE = YES;
				CLANG_WARN_UNGUARDED_AVAILABILITY = YES_AGGRESSIVE;
				CLANG_WARN_UNREACHABLE_CODE = YES;
				CLANG_WARN__DUPLICATE_METHOD_MATCH = YES;
				CODE_SIGN_IDENTITY = "iPhone Developer";
				COPY_PHASE_STRIP = NO;
				DEBUG_INFORMATION_FORMAT = "dwarf-with-dsym";
				ENABLE_NS_ASSERTIONS = NO;
				ENABLE_STRICT_OBJC_MSGSEND = YES;
				GCC_C_LANGUAGE_STANDARD = gnu11;
				GCC_NO_COMMON_BLOCKS = YES;
				GCC_WARN_64_TO_32_BIT_CONVERSION = YES;
				GCC_WARN_ABOUT_RETURN_TYPE = YES_ERROR;
				GCC_WARN_UNDECLARED_SELECTOR = YES;
				GCC_WARN_UNINITIALIZED_AUTOS = YES_AGGRESSIVE;
				GCC_WARN_UNUSED_FUNCTION = YES;
				GCC_WARN_UNUSED_VARIABLE = YES;
				IPHONEOS_DEPLOYMENT_TARGET = 11.1;
				MTL_ENABLE_DEBUG_INFO = NO;
				SDKROOT = iphoneos;
				SWIFT_OPTIMIZATION_LEVEL = "-Owholemodule";
				VALIDATE_PRODUCT = YES;
			};
			name = Release;
		};
		D6727E9F1FCD246600C010CC /* Debug */ = {
			isa = XCBuildConfiguration;
			buildSettings = {
				ASSETCATALOG_COMPILER_APPICON_NAME = AppIcon;
				CODE_SIGN_STYLE = Automatic;
				DEVELOPMENT_TEAM = Q4F5R593P2;
				INFOPLIST_FILE = ARBash/Info.plist;
				LD_RUNPATH_SEARCH_PATHS = "$(inherited) @executable_path/Frameworks";
				PRODUCT_BUNDLE_IDENTIFIER = BenMiller.ARBash;
				PRODUCT_NAME = "$(TARGET_NAME)";
				SWIFT_VERSION = 4.0;
				TARGETED_DEVICE_FAMILY = "1,2";
			};
			name = Debug;
		};
		D6727EA01FCD246600C010CC /* Release */ = {
			isa = XCBuildConfiguration;
			buildSettings = {
				ASSETCATALOG_COMPILER_APPICON_NAME = AppIcon;
				CODE_SIGN_STYLE = Automatic;
				DEVELOPMENT_TEAM = Q4F5R593P2;
				INFOPLIST_FILE = ARBash/Info.plist;
				LD_RUNPATH_SEARCH_PATHS = "$(inherited) @executable_path/Frameworks";
				PRODUCT_BUNDLE_IDENTIFIER = BenMiller.ARBash;
				PRODUCT_NAME = "$(TARGET_NAME)";
				SWIFT_VERSION = 4.0;
				TARGETED_DEVICE_FAMILY = "1,2";
			};
			name = Release;
		};
		D6727EA21FCD246600C010CC /* Debug */ = {
			isa = XCBuildConfiguration;
			buildSettings = {
				ALWAYS_EMBED_SWIFT_STANDARD_LIBRARIES = YES;
				BUNDLE_LOADER = "$(TEST_HOST)";
				CODE_SIGN_STYLE = Automatic;
				INFOPLIST_FILE = ARBashTests/Info.plist;
				LD_RUNPATH_SEARCH_PATHS = "$(inherited) @executable_path/Frameworks @loader_path/Frameworks";
				PRODUCT_BUNDLE_IDENTIFIER = BenMiller.ARBashTests;
				PRODUCT_NAME = "$(TARGET_NAME)";
				SWIFT_VERSION = 4.0;
				TARGETED_DEVICE_FAMILY = "1,2";
				TEST_HOST = "$(BUILT_PRODUCTS_DIR)/ARBash.app/ARBash";
			};
			name = Debug;
		};
		D6727EA31FCD246600C010CC /* Release */ = {
			isa = XCBuildConfiguration;
			buildSettings = {
				ALWAYS_EMBED_SWIFT_STANDARD_LIBRARIES = YES;
				BUNDLE_LOADER = "$(TEST_HOST)";
				CODE_SIGN_STYLE = Automatic;
				INFOPLIST_FILE = ARBashTests/Info.plist;
				LD_RUNPATH_SEARCH_PATHS = "$(inherited) @executable_path/Frameworks @loader_path/Frameworks";
				PRODUCT_BUNDLE_IDENTIFIER = BenMiller.ARBashTests;
				PRODUCT_NAME = "$(TARGET_NAME)";
				SWIFT_VERSION = 4.0;
				TARGETED_DEVICE_FAMILY = "1,2";
				TEST_HOST = "$(BUILT_PRODUCTS_DIR)/ARBash.app/ARBash";
			};
			name = Release;
		};
		D6727EA51FCD246600C010CC /* Debug */ = {
			isa = XCBuildConfiguration;
			buildSettings = {
				ALWAYS_EMBED_SWIFT_STANDARD_LIBRARIES = YES;
				CODE_SIGN_STYLE = Automatic;
				INFOPLIST_FILE = ARBashUITests/Info.plist;
				LD_RUNPATH_SEARCH_PATHS = "$(inherited) @executable_path/Frameworks @loader_path/Frameworks";
				PRODUCT_BUNDLE_IDENTIFIER = BenMiller.ARBashUITests;
				PRODUCT_NAME = "$(TARGET_NAME)";
				SWIFT_VERSION = 4.0;
				TARGETED_DEVICE_FAMILY = "1,2";
				TEST_TARGET_NAME = ARBash;
			};
			name = Debug;
		};
		D6727EA61FCD246600C010CC /* Release */ = {
			isa = XCBuildConfiguration;
			buildSettings = {
				ALWAYS_EMBED_SWIFT_STANDARD_LIBRARIES = YES;
				CODE_SIGN_STYLE = Automatic;
				INFOPLIST_FILE = ARBashUITests/Info.plist;
				LD_RUNPATH_SEARCH_PATHS = "$(inherited) @executable_path/Frameworks @loader_path/Frameworks";
				PRODUCT_BUNDLE_IDENTIFIER = BenMiller.ARBashUITests;
				PRODUCT_NAME = "$(TARGET_NAME)";
				SWIFT_VERSION = 4.0;
				TARGETED_DEVICE_FAMILY = "1,2";
				TEST_TARGET_NAME = ARBash;
			};
			name = Release;
		};
/* End XCBuildConfiguration section */

/* Begin XCConfigurationList section */
		D6727E6F1FCD246500C010CC /* Build configuration list for PBXProject "ARBash" */ = {
			isa = XCConfigurationList;
			buildConfigurations = (
				D6727E9C1FCD246600C010CC /* Debug */,
				D6727E9D1FCD246600C010CC /* Release */,
			);
			defaultConfigurationIsVisible = 0;
			defaultConfigurationName = Release;
		};
		D6727E9E1FCD246600C010CC /* Build configuration list for PBXNativeTarget "ARBash" */ = {
			isa = XCConfigurationList;
			buildConfigurations = (
				D6727E9F1FCD246600C010CC /* Debug */,
				D6727EA01FCD246600C010CC /* Release */,
			);
			defaultConfigurationIsVisible = 0;
			defaultConfigurationName = Release;
		};
		D6727EA11FCD246600C010CC /* Build configuration list for PBXNativeTarget "ARBashTests" */ = {
			isa = XCConfigurationList;
			buildConfigurations = (
				D6727EA21FCD246600C010CC /* Debug */,
				D6727EA31FCD246600C010CC /* Release */,
			);
			defaultConfigurationIsVisible = 0;
			defaultConfigurationName = Release;
		};
		D6727EA41FCD246600C010CC /* Build configuration list for PBXNativeTarget "ARBashUITests" */ = {
			isa = XCConfigurationList;
			buildConfigurations = (
				D6727EA51FCD246600C010CC /* Debug */,
				D6727EA61FCD246600C010CC /* Release */,
			);
			defaultConfigurationIsVisible = 0;
			defaultConfigurationName = Release;
		};
/* End XCConfigurationList section */
	};
	rootObject = D6727E6C1FCD246500C010CC /* Project object */;
}
